// !$*UTF8*$!
{
	archiveVersion = 1;
	classes = {
	};
	objectVersion = 46;
	objects = {

/* Begin PBXBuildFile section */
		0CD117D34E371505F88B9A27 /* libPods.a in Frameworks */ = {isa = PBXBuildFile; fileRef = FFA479A418F8E370949D8EA2 /* libPods.a */; };
		22A7351F1CCAF4BD00DA36E5 /* main.m in Sources */ = {isa = PBXBuildFile; fileRef = 22A7351E1CCAF4BD00DA36E5 /* main.m */; };
		22A735221CCAF4BD00DA36E5 /* AppDelegate.m in Sources */ = {isa = PBXBuildFile; fileRef = 22A735211CCAF4BD00DA36E5 /* AppDelegate.m */; };
		22A735281CCAF4BD00DA36E5 /* Main.storyboard in Resources */ = {isa = PBXBuildFile; fileRef = 22A735261CCAF4BD00DA36E5 /* Main.storyboard */; };
		22A7352A1CCAF4BD00DA36E5 /* Assets.xcassets in Resources */ = {isa = PBXBuildFile; fileRef = 22A735291CCAF4BD00DA36E5 /* Assets.xcassets */; };
		22A7352D1CCAF4BD00DA36E5 /* LaunchScreen.storyboard in Resources */ = {isa = PBXBuildFile; fileRef = 22A7352B1CCAF4BD00DA36E5 /* LaunchScreen.storyboard */; };
		22A735381CCAF4BD00DA36E5 /* VIClockTests.m in Sources */ = {isa = PBXBuildFile; fileRef = 22A735371CCAF4BD00DA36E5 /* VIClockTests.m */; };
		22A735441CCAF89000DA36E5 /* ClockViewController.m in Sources */ = {isa = PBXBuildFile; fileRef = 22A735431CCAF89000DA36E5 /* ClockViewController.m */; };
		22A735471CCB123D00DA36E5 /* Stopwatch.m in Sources */ = {isa = PBXBuildFile; fileRef = 22A735461CCB123D00DA36E5 /* Stopwatch.m */; };
		22A7354C1CCDB9E200DA36E5 /* ClockView.m in Sources */ = {isa = PBXBuildFile; fileRef = 22A7354B1CCDB9E200DA36E5 /* ClockView.m */; };
		22A735521CD25C4300DA36E5 /* GLKit.framework in Frameworks */ = {isa = PBXBuildFile; fileRef = 22A735511CD25C4300DA36E5 /* GLKit.framework */; };
/* End PBXBuildFile section */

/* Begin PBXContainerItemProxy section */
		22A735341CCAF4BD00DA36E5 /* PBXContainerItemProxy */ = {
			isa = PBXContainerItemProxy;
			containerPortal = 22A735121CCAF4BD00DA36E5 /* Project object */;
			proxyType = 1;
			remoteGlobalIDString = 22A735191CCAF4BD00DA36E5;
			remoteInfo = VIClock;
		};
/* End PBXContainerItemProxy section */

/* Begin PBXFileReference section */
		09304F7FB8E57F67EB4DB2DB /* Pods.debug.xcconfig */ = {isa = PBXFileReference; includeInIndex = 1; lastKnownFileType = text.xcconfig; name = Pods.debug.xcconfig; path = "Pods/Target Support Files/Pods/Pods.debug.xcconfig"; sourceTree = "<group>"; };
		22A7351A1CCAF4BD00DA36E5 /* VIClock.app */ = {isa = PBXFileReference; explicitFileType = wrapper.application; includeInIndex = 0; path = VIClock.app; sourceTree = BUILT_PRODUCTS_DIR; };
		22A7351E1CCAF4BD00DA36E5 /* main.m */ = {isa = PBXFileReference; lastKnownFileType = sourcecode.c.objc; path = main.m; sourceTree = "<group>"; };
		22A735201CCAF4BD00DA36E5 /* AppDelegate.h */ = {isa = PBXFileReference; lastKnownFileType = sourcecode.c.h; path = AppDelegate.h; sourceTree = "<group>"; };
		22A735211CCAF4BD00DA36E5 /* AppDelegate.m */ = {isa = PBXFileReference; lastKnownFileType = sourcecode.c.objc; path = AppDelegate.m; sourceTree = "<group>"; };
		22A735271CCAF4BD00DA36E5 /* Base */ = {isa = PBXFileReference; lastKnownFileType = file.storyboard; name = Base; path = Base.lproj/Main.storyboard; sourceTree = "<group>"; };
		22A735291CCAF4BD00DA36E5 /* Assets.xcassets */ = {isa = PBXFileReference; lastKnownFileType = folder.assetcatalog; path = Assets.xcassets; sourceTree = "<group>"; };
		22A7352C1CCAF4BD00DA36E5 /* Base */ = {isa = PBXFileReference; lastKnownFileType = file.storyboard; name = Base; path = Base.lproj/LaunchScreen.storyboard; sourceTree = "<group>"; };
		22A7352E1CCAF4BD00DA36E5 /* Info.plist */ = {isa = PBXFileReference; lastKnownFileType = text.plist.xml; path = Info.plist; sourceTree = "<group>"; };
		22A735331CCAF4BD00DA36E5 /* VIClockTests.xctest */ = {isa = PBXFileReference; explicitFileType = wrapper.cfbundle; includeInIndex = 0; path = VIClockTests.xctest; sourceTree = BUILT_PRODUCTS_DIR; };
		22A735371CCAF4BD00DA36E5 /* VIClockTests.m */ = {isa = PBXFileReference; lastKnownFileType = sourcecode.c.objc; path = VIClockTests.m; sourceTree = "<group>"; };
		22A735391CCAF4BD00DA36E5 /* Info.plist */ = {isa = PBXFileReference; lastKnownFileType = text.plist.xml; path = Info.plist; sourceTree = "<group>"; };
		22A735421CCAF89000DA36E5 /* ClockViewController.h */ = {isa = PBXFileReference; fileEncoding = 4; lastKnownFileType = sourcecode.c.h; path = ClockViewController.h; sourceTree = "<group>"; };
		22A735431CCAF89000DA36E5 /* ClockViewController.m */ = {isa = PBXFileReference; fileEncoding = 4; lastKnownFileType = sourcecode.c.objc; path = ClockViewController.m; sourceTree = "<group>"; };
		22A735451CCB123D00DA36E5 /* Stopwatch.h */ = {isa = PBXFileReference; fileEncoding = 4; lastKnownFileType = sourcecode.c.h; path = Stopwatch.h; sourceTree = "<group>"; };
		22A735461CCB123D00DA36E5 /* Stopwatch.m */ = {isa = PBXFileReference; fileEncoding = 4; lastKnownFileType = sourcecode.c.objc; path = Stopwatch.m; sourceTree = "<group>"; };
		22A735481CCC647A00DA36E5 /* CoreMedia.framework */ = {isa = PBXFileReference; lastKnownFileType = wrapper.framework; name = CoreMedia.framework; path = System/Library/Frameworks/CoreMedia.framework; sourceTree = SDKROOT; };
		22A7354A1CCDB9E200DA36E5 /* ClockView.h */ = {isa = PBXFileReference; fileEncoding = 4; lastKnownFileType = sourcecode.c.h; path = ClockView.h; sourceTree = "<group>"; };
		22A7354B1CCDB9E200DA36E5 /* ClockView.m */ = {isa = PBXFileReference; fileEncoding = 4; lastKnownFileType = sourcecode.c.objc; path = ClockView.m; sourceTree = "<group>"; };
		22A7354F1CD1636C00DA36E5 /* QuartzCore.framework */ = {isa = PBXFileReference; lastKnownFileType = wrapper.framework; name = QuartzCore.framework; path = System/Library/Frameworks/QuartzCore.framework; sourceTree = SDKROOT; };
		22A735511CD25C4300DA36E5 /* GLKit.framework */ = {isa = PBXFileReference; lastKnownFileType = wrapper.framework; name = GLKit.framework; path = System/Library/Frameworks/GLKit.framework; sourceTree = SDKROOT; };
		8E21B344D7C72288A985CFBE /* Pods.release.xcconfig */ = {isa = PBXFileReference; includeInIndex = 1; lastKnownFileType = text.xcconfig; name = Pods.release.xcconfig; path = "Pods/Target Support Files/Pods/Pods.release.xcconfig"; sourceTree = "<group>"; };
		FFA479A418F8E370949D8EA2 /* libPods.a */ = {isa = PBXFileReference; explicitFileType = archive.ar; includeInIndex = 0; path = libPods.a; sourceTree = BUILT_PRODUCTS_DIR; };
/* End PBXFileReference section */

/* Begin PBXFrameworksBuildPhase section */
		22A735171CCAF4BD00DA36E5 /* Frameworks */ = {
			isa = PBXFrameworksBuildPhase;
			buildActionMask = 2147483647;
			files = (
				22A735521CD25C4300DA36E5 /* GLKit.framework in Frameworks */,
				0CD117D34E371505F88B9A27 /* libPods.a in Frameworks */,
			);
			runOnlyForDeploymentPostprocessing = 0;
		};
		22A735301CCAF4BD00DA36E5 /* Frameworks */ = {
			isa = PBXFrameworksBuildPhase;
			buildActionMask = 2147483647;
			files = (
			);
			runOnlyForDeploymentPostprocessing = 0;
		};
/* End PBXFrameworksBuildPhase section */

/* Begin PBXGroup section */
		22A735111CCAF4BD00DA36E5 = {
			isa = PBXGroup;
			children = (
				22A7351C1CCAF4BD00DA36E5 /* VIClock */,
				22A735361CCAF4BD00DA36E5 /* VIClockTests */,
				22A7351B1CCAF4BD00DA36E5 /* Products */,
				3968940D1DCB4A94970F324F /* Pods */,
				4C7C477E327E76A0683C57C2 /* Frameworks */,
			);
			sourceTree = "<group>";
		};
		22A7351B1CCAF4BD00DA36E5 /* Products */ = {
			isa = PBXGroup;
			children = (
				22A7351A1CCAF4BD00DA36E5 /* VIClock.app */,
				22A735331CCAF4BD00DA36E5 /* VIClockTests.xctest */,
			);
			name = Products;
			sourceTree = "<group>";
		};
		22A7351C1CCAF4BD00DA36E5 /* VIClock */ = {
			isa = PBXGroup;
			children = (
				22A735201CCAF4BD00DA36E5 /* AppDelegate.h */,
				22A735211CCAF4BD00DA36E5 /* AppDelegate.m */,
				22A735451CCB123D00DA36E5 /* Stopwatch.h */,
				22A735461CCB123D00DA36E5 /* Stopwatch.m */,
				22A735421CCAF89000DA36E5 /* ClockViewController.h */,
				22A735431CCAF89000DA36E5 /* ClockViewController.m */,
				22A7354A1CCDB9E200DA36E5 /* ClockView.h */,
				22A7354B1CCDB9E200DA36E5 /* ClockView.m */,
				22A735261CCAF4BD00DA36E5 /* Main.storyboard */,
				22A735291CCAF4BD00DA36E5 /* Assets.xcassets */,
				22A7352B1CCAF4BD00DA36E5 /* LaunchScreen.storyboard */,
				22A7352E1CCAF4BD00DA36E5 /* Info.plist */,
				22A7351D1CCAF4BD00DA36E5 /* Supporting Files */,
			);
			path = VIClock;
			sourceTree = "<group>";
		};
		22A7351D1CCAF4BD00DA36E5 /* Supporting Files */ = {
			isa = PBXGroup;
			children = (
				22A7351E1CCAF4BD00DA36E5 /* main.m */,
			);
			name = "Supporting Files";
			sourceTree = "<group>";
		};
		22A735361CCAF4BD00DA36E5 /* VIClockTests */ = {
			isa = PBXGroup;
			children = (
				22A735371CCAF4BD00DA36E5 /* VIClockTests.m */,
				22A735391CCAF4BD00DA36E5 /* Info.plist */,
			);
			path = VIClockTests;
			sourceTree = "<group>";
		};
		3968940D1DCB4A94970F324F /* Pods */ = {
			isa = PBXGroup;
			children = (
				09304F7FB8E57F67EB4DB2DB /* Pods.debug.xcconfig */,
				8E21B344D7C72288A985CFBE /* Pods.release.xcconfig */,
			);
			name = Pods;
			sourceTree = "<group>";
		};
		4C7C477E327E76A0683C57C2 /* Frameworks */ = {
			isa = PBXGroup;
			children = (
				22A735511CD25C4300DA36E5 /* GLKit.framework */,
				22A7354F1CD1636C00DA36E5 /* QuartzCore.framework */,
				22A735481CCC647A00DA36E5 /* CoreMedia.framework */,
				FFA479A418F8E370949D8EA2 /* libPods.a */,
			);
			name = Frameworks;
			sourceTree = "<group>";
		};
/* End PBXGroup section */

/* Begin PBXNativeTarget section */
		22A735191CCAF4BD00DA36E5 /* VIClock */ = {
			isa = PBXNativeTarget;
			buildConfigurationList = 22A7353C1CCAF4BD00DA36E5 /* Build configuration list for PBXNativeTarget "VIClock" */;
			buildPhases = (
				BF6FE50F7EA1F1229D53B2C6 /* Check Pods Manifest.lock */,
				22A735161CCAF4BD00DA36E5 /* Sources */,
				22A735171CCAF4BD00DA36E5 /* Frameworks */,
				22A735181CCAF4BD00DA36E5 /* Resources */,
				0B27296068971A5A1C399F9E /* Copy Pods Resources */,
			);
			buildRules = (
			);
			dependencies = (
			);
			name = VIClock;
			productName = VIClock;
			productReference = 22A7351A1CCAF4BD00DA36E5 /* VIClock.app */;
			productType = "com.apple.product-type.application";
		};
		22A735321CCAF4BD00DA36E5 /* VIClockTests */ = {
			isa = PBXNativeTarget;
			buildConfigurationList = 22A7353F1CCAF4BD00DA36E5 /* Build configuration list for PBXNativeTarget "VIClockTests" */;
			buildPhases = (
				22A7352F1CCAF4BD00DA36E5 /* Sources */,
				22A735301CCAF4BD00DA36E5 /* Frameworks */,
				22A735311CCAF4BD00DA36E5 /* Resources */,
			);
			buildRules = (
			);
			dependencies = (
				22A735351CCAF4BD00DA36E5 /* PBXTargetDependency */,
			);
			name = VIClockTests;
			productName = VIClockTests;
			productReference = 22A735331CCAF4BD00DA36E5 /* VIClockTests.xctest */;
			productType = "com.apple.product-type.bundle.unit-test";
		};
/* End PBXNativeTarget section */

/* Begin PBXProject section */
		22A735121CCAF4BD00DA36E5 /* Project object */ = {
			isa = PBXProject;
			attributes = {
				LastUpgradeCheck = 0720;
				ORGANIZATIONNAME = ddistant;
				TargetAttributes = {
					22A735191CCAF4BD00DA36E5 = {
						CreatedOnToolsVersion = 7.2.1;
					};
					22A735321CCAF4BD00DA36E5 = {
						CreatedOnToolsVersion = 7.2.1;
						TestTargetID = 22A735191CCAF4BD00DA36E5;
					};
				};
			};
			buildConfigurationList = 22A735151CCAF4BD00DA36E5 /* Build configuration list for PBXProject "VIClock" */;
			compatibilityVersion = "Xcode 3.2";
			developmentRegion = English;
			hasScannedForEncodings = 0;
			knownRegions = (
				en,
				Base,
			);
			mainGroup = 22A735111CCAF4BD00DA36E5;
			productRefGroup = 22A7351B1CCAF4BD00DA36E5 /* Products */;
			projectDirPath = "";
			projectRoot = "";
			targets = (
				22A735191CCAF4BD00DA36E5 /* VIClock */,
				22A735321CCAF4BD00DA36E5 /* VIClockTests */,
			);
		};
/* End PBXProject section */

/* Begin PBXResourcesBuildPhase section */
		22A735181CCAF4BD00DA36E5 /* Resources */ = {
			isa = PBXResourcesBuildPhase;
			buildActionMask = 2147483647;
			files = (
				22A7352D1CCAF4BD00DA36E5 /* LaunchScreen.storyboard in Resources */,
				22A7352A1CCAF4BD00DA36E5 /* Assets.xcassets in Resources */,
				22A735281CCAF4BD00DA36E5 /* Main.storyboard in Resources */,
			);
			runOnlyForDeploymentPostprocessing = 0;
		};
		22A735311CCAF4BD00DA36E5 /* Resources */ = {
			isa = PBXResourcesBuildPhase;
			buildActionMask = 2147483647;
			files = (
			);
			runOnlyForDeploymentPostprocessing = 0;
		};
/* End PBXResourcesBuildPhase section */

/* Begin PBXShellScriptBuildPhase section */
		0B27296068971A5A1C399F9E /* Copy Pods Resources */ = {
			isa = PBXShellScriptBuildPhase;
			buildActionMask = 2147483647;
			files = (
			);
			inputPaths = (
			);
			name = "Copy Pods Resources";
			outputPaths = (
			);
			runOnlyForDeploymentPostprocessing = 0;
			shellPath = /bin/sh;
			shellScript = "\"${SRCROOT}/Pods/Target Support Files/Pods/Pods-resources.sh\"\n";
			showEnvVarsInLog = 0;
		};
		BF6FE50F7EA1F1229D53B2C6 /* Check Pods Manifest.lock */ = {
			isa = PBXShellScriptBuildPhase;
			buildActionMask = 2147483647;
			files = (
			);
			inputPaths = (
			);
			name = "Check Pods Manifest.lock";
			outputPaths = (
			);
			runOnlyForDeploymentPostprocessing = 0;
			shellPath = /bin/sh;
			shellScript = "diff \"${PODS_ROOT}/../Podfile.lock\" \"${PODS_ROOT}/Manifest.lock\" > /dev/null\nif [[ $? != 0 ]] ; then\n    cat << EOM\nerror: The sandbox is not in sync with the Podfile.lock. Run 'pod install' or update your CocoaPods installation.\nEOM\n    exit 1\nfi\n";
			showEnvVarsInLog = 0;
		};
/* End PBXShellScriptBuildPhase section */

/* Begin PBXSourcesBuildPhase section */
		22A735161CCAF4BD00DA36E5 /* Sources */ = {
			isa = PBXSourcesBuildPhase;
			buildActionMask = 2147483647;
			files = (
				22A735441CCAF89000DA36E5 /* ClockViewController.m in Sources */,
				22A7354C1CCDB9E200DA36E5 /* ClockView.m in Sources */,
				22A735221CCAF4BD00DA36E5 /* AppDelegate.m in Sources */,
				22A7351F1CCAF4BD00DA36E5 /* main.m in Sources */,
				22A735471CCB123D00DA36E5 /* Stopwatch.m in Sources */,
			);
			runOnlyForDeploymentPostprocessing = 0;
		};
		22A7352F1CCAF4BD00DA36E5 /* Sources */ = {
			isa = PBXSourcesBuildPhase;
			buildActionMask = 2147483647;
			files = (
				22A735381CCAF4BD00DA36E5 /* VIClockTests.m in Sources */,
			);
			runOnlyForDeploymentPostprocessing = 0;
		};
/* End PBXSourcesBuildPhase section */

/* Begin PBXTargetDependency section */
		22A735351CCAF4BD00DA36E5 /* PBXTargetDependency */ = {
			isa = PBXTargetDependency;
			target = 22A735191CCAF4BD00DA36E5 /* VIClock */;
			targetProxy = 22A735341CCAF4BD00DA36E5 /* PBXContainerItemProxy */;
		};
/* End PBXTargetDependency section */

/* Begin PBXVariantGroup section */
		22A735261CCAF4BD00DA36E5 /* Main.storyboard */ = {
			isa = PBXVariantGroup;
			children = (
				22A735271CCAF4BD00DA36E5 /* Base */,
			);
			name = Main.storyboard;
			sourceTree = "<group>";
		};
		22A7352B1CCAF4BD00DA36E5 /* LaunchScreen.storyboard */ = {
			isa = PBXVariantGroup;
			children = (
				22A7352C1CCAF4BD00DA36E5 /* Base */,
			);
			name = LaunchScreen.storyboard;
			sourceTree = "<group>";
		};
/* End PBXVariantGroup section */

/* Begin XCBuildConfiguration section */
		22A7353A1CCAF4BD00DA36E5 /* Debug */ = {
			isa = XCBuildConfiguration;
			buildSettings = {
				ALWAYS_SEARCH_USER_PATHS = NO;
				CLANG_CXX_LANGUAGE_STANDARD = "gnu++0x";
				CLANG_CXX_LIBRARY = "libc++";
				CLANG_ENABLE_MODULES = YES;
				CLANG_ENABLE_OBJC_ARC = YES;
				CLANG_WARN_BOOL_CONVERSION = YES;
				CLANG_WARN_CONSTANT_CONVERSION = YES;
				CLANG_WARN_DIRECT_OBJC_ISA_USAGE = YES_ERROR;
				CLANG_WARN_EMPTY_BODY = YES;
				CLANG_WARN_ENUM_CONVERSION = YES;
				CLANG_WARN_INT_CONVERSION = YES;
				CLANG_WARN_OBJC_ROOT_CLASS = YES_ERROR;
				CLANG_WARN_UNREACHABLE_CODE = YES;
				CLANG_WARN__DUPLICATE_METHOD_MATCH = YES;
				"CODE_SIGN_IDENTITY[sdk=iphoneos*]" = "iPhone Developer";
				COPY_PHASE_STRIP = NO;
				DEBUG_INFORMATION_FORMAT = dwarf;
				ENABLE_STRICT_OBJC_MSGSEND = YES;
				ENABLE_TESTABILITY = YES;
				GCC_C_LANGUAGE_STANDARD = gnu99;
				GCC_DYNAMIC_NO_PIC = NO;
				GCC_NO_COMMON_BLOCKS = YES;
				GCC_OPTIMIZATION_LEVEL = 0;
				GCC_PREPROCESSOR_DEFINITIONS = (
					"DEBUG=1",
					"$(inherited)",
				);
				GCC_WARN_64_TO_32_BIT_CONVERSION = YES;
				GCC_WARN_ABOUT_RETURN_TYPE = YES_ERROR;
				GCC_WARN_UNDECLARED_SELECTOR = YES;
				GCC_WARN_UNINITIALIZED_AUTOS = YES_AGGRESSIVE;
				GCC_WARN_UNUSED_FUNCTION = YES;
				GCC_WARN_UNUSED_VARIABLE = YES;
				IPHONEOS_DEPLOYMENT_TARGET = 9.2;
				MTL_ENABLE_DEBUG_INFO = YES;
				ONLY_ACTIVE_ARCH = YES;
				SDKROOT = iphoneos;
			};
			name = Debug;
		};
		22A7353B1CCAF4BD00DA36E5 /* Release */ = {
			isa = XCBuildConfiguration;
			buildSettings = {
				ALWAYS_SEARCH_USER_PATHS = NO;
				CLANG_CXX_LANGUAGE_STANDARD = "gnu++0x";
				CLANG_CXX_LIBRARY = "libc++";
				CLANG_ENABLE_MODULES = YES;
				CLANG_ENABLE_OBJC_ARC = YES;
				CLANG_WARN_BOOL_CONVERSION = YES;
				CLANG_WARN_CONSTANT_CONVERSION = YES;
				CLANG_WARN_DIRECT_OBJC_ISA_USAGE = YES_ERROR;
				CLANG_WARN_EMPTY_BODY = YES;
				CLANG_WARN_ENUM_CONVERSION = YES;
				CLANG_WARN_INT_CONVERSION = YES;
				CLANG_WARN_OBJC_ROOT_CLASS = YES_ERROR;
				CLANG_WARN_UNREACHABLE_CODE = YES;
				CLANG_WARN__DUPLICATE_METHOD_MATCH = YES;
				"CODE_SIGN_IDENTITY[sdk=iphoneos*]" = "iPhone Developer";
				COPY_PHASE_STRIP = NO;
				DEBUG_INFORMATION_FORMAT = "dwarf-with-dsym";
				ENABLE_NS_ASSERTIONS = NO;
				ENABLE_STRICT_OBJC_MSGSEND = YES;
				GCC_C_LANGUAGE_STANDARD = gnu99;
				GCC_NO_COMMON_BLOCKS = YES;
				GCC_WARN_64_TO_32_BIT_CONVERSION = YES;
				GCC_WARN_ABOUT_RETURN_TYPE = YES_ERROR;
				GCC_WARN_UNDECLARED_SELECTOR = YES;
				GCC_WARN_UNINITIALIZED_AUTOS = YES_AGGRESSIVE;
				GCC_WARN_UNUSED_FUNCTION = YES;
				GCC_WARN_UNUSED_VARIABLE = YES;
				IPHONEOS_DEPLOYMENT_TARGET = 9.2;
				MTL_ENABLE_DEBUG_INFO = NO;
				SDKROOT = iphoneos;
				VALIDATE_PRODUCT = YES;
			};
			name = Release;
		};
		22A7353D1CCAF4BD00DA36E5 /* Debug */ = {
			isa = XCBuildConfiguration;
			baseConfigurationReference = 09304F7FB8E57F67EB4DB2DB /* Pods.debug.xcconfig */;
			buildSettings = {
				ASSETCATALOG_COMPILER_APPICON_NAME = AppIcon;
				INFOPLIST_FILE = VIClock/Info.plist;
				LD_RUNPATH_SEARCH_PATHS = "$(inherited) @executable_path/Frameworks";
				PRODUCT_BUNDLE_IDENTIFIER = com.ddistant.VIClock;
				PRODUCT_NAME = "$(TARGET_NAME)";
			};
			name = Debug;
		};
		22A7353E1CCAF4BD00DA36E5 /* Release */ = {
			isa = XCBuildConfiguration;
			baseConfigurationReference = 8E21B344D7C72288A985CFBE /* Pods.release.xcconfig */;
			buildSettings = {
				ASSETCATALOG_COMPILER_APPICON_NAME = AppIcon;
				INFOPLIST_FILE = VIClock/Info.plist;
				LD_RUNPATH_SEARCH_PATHS = "$(inherited) @executable_path/Frameworks";
				PRODUCT_BUNDLE_IDENTIFIER = com.ddistant.VIClock;
				PRODUCT_NAME = "$(TARGET_NAME)";
			};
			name = Release;
		};
		22A735401CCAF4BD00DA36E5 /* Debug */ = {
			isa = XCBuildConfiguration;
			buildSettings = {
				BUNDLE_LOADER = "$(TEST_HOST)";
				INFOPLIST_FILE = VIClockTests/Info.plist;
				LD_RUNPATH_SEARCH_PATHS = "$(inherited) @executable_path/Frameworks @loader_path/Frameworks";
				PRODUCT_BUNDLE_IDENTIFIER = com.ddistant.VIClockTests;
				PRODUCT_NAME = "$(TARGET_NAME)";
				TEST_HOST = "$(BUILT_PRODUCTS_DIR)/VIClock.app/VIClock";
			};
			name = Debug;
		};
		22A735411CCAF4BD00DA36E5 /* Release */ = {
			isa = XCBuildConfiguration;
			buildSettings = {
				BUNDLE_LOADER = "$(TEST_HOST)";
				INFOPLIST_FILE = VIClockTests/Info.plist;
				LD_RUNPATH_SEARCH_PATHS = "$(inherited) @executable_path/Frameworks @loader_path/Frameworks";
				PRODUCT_BUNDLE_IDENTIFIER = com.ddistant.VIClockTests;
				PRODUCT_NAME = "$(TARGET_NAME)";
				TEST_HOST = "$(BUILT_PRODUCTS_DIR)/VIClock.app/VIClock";
			};
			name = Release;
		};
/* End XCBuildConfiguration section */

/* Begin XCConfigurationList section */
		22A735151CCAF4BD00DA36E5 /* Build configuration list for PBXProject "VIClock" */ = {
			isa = XCConfigurationList;
			buildConfigurations = (
				22A7353A1CCAF4BD00DA36E5 /* Debug */,
				22A7353B1CCAF4BD00DA36E5 /* Release */,
			);
			defaultConfigurationIsVisible = 0;
			defaultConfigurationName = Release;
		};
		22A7353C1CCAF4BD00DA36E5 /* Build configuration list for PBXNativeTarget "VIClock" */ = {
			isa = XCConfigurationList;
			buildConfigurations = (
				22A7353D1CCAF4BD00DA36E5 /* Debug */,
				22A7353E1CCAF4BD00DA36E5 /* Release */,
			);
			defaultConfigurationIsVisible = 0;
			defaultConfigurationName = Release;
		};
		22A7353F1CCAF4BD00DA36E5 /* Build configuration list for PBXNativeTarget "VIClockTests" */ = {
			isa = XCConfigurationList;
			buildConfigurations = (
				22A735401CCAF4BD00DA36E5 /* Debug */,
				22A735411CCAF4BD00DA36E5 /* Release */,
			);
			defaultConfigurationIsVisible = 0;
			defaultConfigurationName = Release;
		};
/* End XCConfigurationList section */
	};
	rootObject = 22A735121CCAF4BD00DA36E5 /* Project object */;
}
